// !$*UTF8*$!
{
	archiveVersion = 1;
	classes = {
	};
	objectVersion = 50;
	objects = {

/* Begin PBXBuildFile section */
		59684FD4A0BF78D6C0F31AFA /* ChaptersRepositoryImpl.swift in Sources */ = {isa = PBXBuildFile; fileRef = 5968401EAA2F356AE5AEA999 /* ChaptersRepositoryImpl.swift */; };
		751E130A216017A300B9E506 /* ChapterDetailsViperContract.swift in Sources */ = {isa = PBXBuildFile; fileRef = 751E1309216017A300B9E506 /* ChapterDetailsViperContract.swift */; };
		754601A221369EFD00FDC6CE /* AppDelegate.swift in Sources */ = {isa = PBXBuildFile; fileRef = 754601A121369EFD00FDC6CE /* AppDelegate.swift */; };
		754601A421369EFD00FDC6CE /* ChapterListController.swift in Sources */ = {isa = PBXBuildFile; fileRef = 754601A321369EFD00FDC6CE /* ChapterListController.swift */; };
		754601A721369EFD00FDC6CE /* Main.storyboard in Resources */ = {isa = PBXBuildFile; fileRef = 754601A521369EFD00FDC6CE /* Main.storyboard */; };
		754601A921369EFF00FDC6CE /* Assets.xcassets in Resources */ = {isa = PBXBuildFile; fileRef = 754601A821369EFF00FDC6CE /* Assets.xcassets */; };
		754601AC21369EFF00FDC6CE /* LaunchScreen.storyboard in Resources */ = {isa = PBXBuildFile; fileRef = 754601AA21369EFF00FDC6CE /* LaunchScreen.storyboard */; };
		754601B521369FDD00FDC6CE /* TableViewCellio.swift in Sources */ = {isa = PBXBuildFile; fileRef = 754601B321369FDD00FDC6CE /* TableViewCellio.swift */; };
		754601B621369FDD00FDC6CE /* TableViewCellio.xib in Resources */ = {isa = PBXBuildFile; fileRef = 754601B421369FDD00FDC6CE /* TableViewCellio.xib */; };
		754601B82136A11F00FDC6CE /* CellItem.swift in Sources */ = {isa = PBXBuildFile; fileRef = 754601B72136A11F00FDC6CE /* CellItem.swift */; };
		759BF8B62157EE71002750C8 /* BaseInteractor.swift in Sources */ = {isa = PBXBuildFile; fileRef = 759BF8B52157EE71002750C8 /* BaseInteractor.swift */; };
		75A7759C215AD0C40078246D /* ChapterListViperContract.swift in Sources */ = {isa = PBXBuildFile; fileRef = 75A7759B215AD0C40078246D /* ChapterListViperContract.swift */; };
		75A7759E215AD2740078246D /* ChapterListPresenterImpl.swift in Sources */ = {isa = PBXBuildFile; fileRef = 75A7759D215AD2740078246D /* ChapterListPresenterImpl.swift */; };
		75A775A1215AD3AE0078246D /* GetChaptersInteractor.swift in Sources */ = {isa = PBXBuildFile; fileRef = 75A775A0215AD3AE0078246D /* GetChaptersInteractor.swift */; };
		75BC0A28213EE55B0055CFAF /* ChapterCell.xib in Resources */ = {isa = PBXBuildFile; fileRef = 75BC0A27213EE55B0055CFAF /* ChapterCell.xib */; };
		75BC0A2A21404AE10055CFAF /* ChapterCell.swift in Sources */ = {isa = PBXBuildFile; fileRef = 75BC0A2921404AE10055CFAF /* ChapterCell.swift */; };
		CA5B47DD275B3678D9A5D7E6 /* Pods_TestTableView.framework in Frameworks */ = {isa = PBXBuildFile; fileRef = 0D8E27ACC405FA1F8A9C79A4 /* Pods_TestTableView.framework */; };
/* End PBXBuildFile section */

/* Begin PBXFileReference section */
		0D8E27ACC405FA1F8A9C79A4 /* Pods_TestTableView.framework */ = {isa = PBXFileReference; explicitFileType = wrapper.framework; includeInIndex = 0; path = Pods_TestTableView.framework; sourceTree = BUILT_PRODUCTS_DIR; };
		5968401EAA2F356AE5AEA999 /* ChaptersRepositoryImpl.swift */ = {isa = PBXFileReference; fileEncoding = 4; lastKnownFileType = sourcecode.swift; path = ChaptersRepositoryImpl.swift; sourceTree = "<group>"; };
		751E1309216017A300B9E506 /* ChapterDetailsViperContract.swift */ = {isa = PBXFileReference; lastKnownFileType = sourcecode.swift; path = ChapterDetailsViperContract.swift; sourceTree = "<group>"; };
		7546019E21369EFD00FDC6CE /* TestTableView.app */ = {isa = PBXFileReference; explicitFileType = wrapper.application; includeInIndex = 0; path = TestTableView.app; sourceTree = BUILT_PRODUCTS_DIR; };
		754601A121369EFD00FDC6CE /* AppDelegate.swift */ = {isa = PBXFileReference; lastKnownFileType = sourcecode.swift; path = AppDelegate.swift; sourceTree = "<group>"; };
		754601A321369EFD00FDC6CE /* ChapterListController.swift */ = {isa = PBXFileReference; lastKnownFileType = sourcecode.swift; path = ChapterListController.swift; sourceTree = "<group>"; };
		754601A621369EFD00FDC6CE /* Base */ = {isa = PBXFileReference; lastKnownFileType = file.storyboard; name = Base; path = Base.lproj/Main.storyboard; sourceTree = "<group>"; };
		754601A821369EFF00FDC6CE /* Assets.xcassets */ = {isa = PBXFileReference; lastKnownFileType = folder.assetcatalog; path = Assets.xcassets; sourceTree = "<group>"; };
		754601AB21369EFF00FDC6CE /* Base */ = {isa = PBXFileReference; lastKnownFileType = file.storyboard; name = Base; path = Base.lproj/LaunchScreen.storyboard; sourceTree = "<group>"; };
		754601AD21369EFF00FDC6CE /* Info.plist */ = {isa = PBXFileReference; lastKnownFileType = text.plist.xml; path = Info.plist; sourceTree = "<group>"; };
		754601B321369FDD00FDC6CE /* TableViewCellio.swift */ = {isa = PBXFileReference; lastKnownFileType = sourcecode.swift; path = TableViewCellio.swift; sourceTree = "<group>"; };
		754601B421369FDD00FDC6CE /* TableViewCellio.xib */ = {isa = PBXFileReference; lastKnownFileType = file.xib; path = TableViewCellio.xib; sourceTree = "<group>"; };
		754601B72136A11F00FDC6CE /* CellItem.swift */ = {isa = PBXFileReference; lastKnownFileType = sourcecode.swift; path = CellItem.swift; sourceTree = "<group>"; };
		759BF8B52157EE71002750C8 /* BaseInteractor.swift */ = {isa = PBXFileReference; lastKnownFileType = sourcecode.swift; path = BaseInteractor.swift; sourceTree = "<group>"; };
		75A7759B215AD0C40078246D /* ChapterListViperContract.swift */ = {isa = PBXFileReference; lastKnownFileType = sourcecode.swift; path = ChapterListViperContract.swift; sourceTree = "<group>"; };
		75A7759D215AD2740078246D /* ChapterListPresenterImpl.swift */ = {isa = PBXFileReference; lastKnownFileType = sourcecode.swift; path = ChapterListPresenterImpl.swift; sourceTree = "<group>"; };
		75A775A0215AD3AE0078246D /* GetChaptersInteractor.swift */ = {isa = PBXFileReference; lastKnownFileType = sourcecode.swift; path = GetChaptersInteractor.swift; sourceTree = "<group>"; };
		75BC0A27213EE55B0055CFAF /* ChapterCell.xib */ = {isa = PBXFileReference; lastKnownFileType = file.xib; path = ChapterCell.xib; sourceTree = "<group>"; };
		75BC0A2921404AE10055CFAF /* ChapterCell.swift */ = {isa = PBXFileReference; lastKnownFileType = sourcecode.swift; path = ChapterCell.swift; sourceTree = "<group>"; };
		DD77EA4E4FB0BCDD94AD4E4F /* Pods-TestTableView.debug.xcconfig */ = {isa = PBXFileReference; includeInIndex = 1; lastKnownFileType = text.xcconfig; name = "Pods-TestTableView.debug.xcconfig"; path = "Pods/Target Support Files/Pods-TestTableView/Pods-TestTableView.debug.xcconfig"; sourceTree = "<group>"; };
		F9390F81C352D49887C721EC /* Pods-TestTableView.release.xcconfig */ = {isa = PBXFileReference; includeInIndex = 1; lastKnownFileType = text.xcconfig; name = "Pods-TestTableView.release.xcconfig"; path = "Pods/Target Support Files/Pods-TestTableView/Pods-TestTableView.release.xcconfig"; sourceTree = "<group>"; };
/* End PBXFileReference section */

/* Begin PBXFrameworksBuildPhase section */
		7546019B21369EFD00FDC6CE /* Frameworks */ = {
			isa = PBXFrameworksBuildPhase;
			buildActionMask = 2147483647;
			files = (
				CA5B47DD275B3678D9A5D7E6 /* Pods_TestTableView.framework in Frameworks */,
			);
			runOnlyForDeploymentPostprocessing = 0;
		};
/* End PBXFrameworksBuildPhase section */

/* Begin PBXGroup section */
		0563BAA648F7A880B76C436B /* Pods */ = {
			isa = PBXGroup;
			children = (
				DD77EA4E4FB0BCDD94AD4E4F /* Pods-TestTableView.debug.xcconfig */,
				F9390F81C352D49887C721EC /* Pods-TestTableView.release.xcconfig */,
			);
			name = Pods;
			sourceTree = "<group>";
		};
		3C9F7AEDCC1F095CCAD88412 /* Frameworks */ = {
			isa = PBXGroup;
			children = (
				0D8E27ACC405FA1F8A9C79A4 /* Pods_TestTableView.framework */,
			);
			name = Frameworks;
			sourceTree = "<group>";
		};
		751E1307215FF8A600B9E506 /* chapterDetail */ = {
			isa = PBXGroup;
			children = (
				751E1308215FF9B900B9E506 /* viper */,
			);
			path = chapterDetail;
			sourceTree = "<group>";
		};
		751E1308215FF9B900B9E506 /* viper */ = {
			isa = PBXGroup;
			children = (
				751E1309216017A300B9E506 /* ChapterDetailsViperContract.swift */,
			);
			path = viper;
			sourceTree = "<group>";
		};
		7546019521369EFD00FDC6CE = {
			isa = PBXGroup;
			children = (
				754601A021369EFD00FDC6CE /* IOSViperSample */,
				7546019F21369EFD00FDC6CE /* Products */,
				0563BAA648F7A880B76C436B /* Pods */,
				3C9F7AEDCC1F095CCAD88412 /* Frameworks */,
			);
			sourceTree = "<group>";
		};
		7546019F21369EFD00FDC6CE /* Products */ = {
			isa = PBXGroup;
			children = (
				7546019E21369EFD00FDC6CE /* TestTableView.app */,
			);
			name = Products;
			sourceTree = "<group>";
		};
		754601A021369EFD00FDC6CE /* IOSViperSample */ = {
			isa = PBXGroup;
			children = (
				751E1307215FF8A600B9E506 /* chapterDetail */,
				759BF8B72157EE7C002750C8 /* base */,
				759BF8B42157E84B002750C8 /* chapters */,
				754601A121369EFD00FDC6CE /* AppDelegate.swift */,
				754601A521369EFD00FDC6CE /* Main.storyboard */,
				754601A821369EFF00FDC6CE /* Assets.xcassets */,
				754601AA21369EFF00FDC6CE /* LaunchScreen.storyboard */,
				754601AD21369EFF00FDC6CE /* Info.plist */,
				754601B321369FDD00FDC6CE /* TableViewCellio.swift */,
				754601B421369FDD00FDC6CE /* TableViewCellio.xib */,
			);
			path = IOSViperSample;
			sourceTree = "<group>";
		};
		759BF8B42157E84B002750C8 /* chapters */ = {
			isa = PBXGroup;
			children = (
				75A7759F215AD3940078246D /* viper */,
				754601B72136A11F00FDC6CE /* CellItem.swift */,
				75BC0A2921404AE10055CFAF /* ChapterCell.swift */,
				754601A321369EFD00FDC6CE /* ChapterListController.swift */,
				75BC0A27213EE55B0055CFAF /* ChapterCell.xib */,
				75A7759D215AD2740078246D /* ChapterListPresenterImpl.swift */,
				5968401EAA2F356AE5AEA999 /* ChaptersRepositoryImpl.swift */,
			);
			path = chapters;
			sourceTree = "<group>";
		};
		759BF8B72157EE7C002750C8 /* base */ = {
			isa = PBXGroup;
			children = (
				759BF8B52157EE71002750C8 /* BaseInteractor.swift */,
			);
			path = base;
			sourceTree = "<group>";
		};
		75A7759F215AD3940078246D /* viper */ = {
			isa = PBXGroup;
			children = (
				75A7759B215AD0C40078246D /* ChapterListViperContract.swift */,
				75A775A0215AD3AE0078246D /* GetChaptersInteractor.swift */,
			);
			path = viper;
			sourceTree = "<group>";
		};
/* End PBXGroup section */

/* Begin PBXNativeTarget section */
		7546019D21369EFD00FDC6CE /* TestTableView */ = {
			isa = PBXNativeTarget;
			buildConfigurationList = 754601B021369EFF00FDC6CE /* Build configuration list for PBXNativeTarget "TestTableView" */;
			buildPhases = (
				643380612883DEF71C414322 /* [CP] Check Pods Manifest.lock */,
				7546019A21369EFD00FDC6CE /* Sources */,
				7546019B21369EFD00FDC6CE /* Frameworks */,
				7546019C21369EFD00FDC6CE /* Resources */,
				60D26237B13E58309BC4FBEC /* [CP] Embed Pods Frameworks */,
			);
			buildRules = (
			);
			dependencies = (
			);
			name = TestTableView;
			productName = TestTableView;
			productReference = 7546019E21369EFD00FDC6CE /* TestTableView.app */;
			productType = "com.apple.product-type.application";
		};
/* End PBXNativeTarget section */

/* Begin PBXProject section */
		7546019621369EFD00FDC6CE /* Project object */ = {
			isa = PBXProject;
			attributes = {
				LastSwiftUpdateCheck = 0940;
				LastUpgradeCheck = 0940;
				ORGANIZATIONNAME = "Ivan Phytsyk";
				TargetAttributes = {
					7546019D21369EFD00FDC6CE = {
						CreatedOnToolsVersion = 9.4.1;
					};
				};
			};
			buildConfigurationList = 7546019921369EFD00FDC6CE /* Build configuration list for PBXProject "TestTableView" */;
			compatibilityVersion = "Xcode 9.3";
			developmentRegion = en;
			hasScannedForEncodings = 0;
			knownRegions = (
				en,
				Base,
			);
			mainGroup = 7546019521369EFD00FDC6CE;
			productRefGroup = 7546019F21369EFD00FDC6CE /* Products */;
			projectDirPath = "";
			projectRoot = "";
			targets = (
				7546019D21369EFD00FDC6CE /* TestTableView */,
			);
		};
/* End PBXProject section */

/* Begin PBXResourcesBuildPhase section */
		7546019C21369EFD00FDC6CE /* Resources */ = {
			isa = PBXResourcesBuildPhase;
			buildActionMask = 2147483647;
			files = (
				754601AC21369EFF00FDC6CE /* LaunchScreen.storyboard in Resources */,
				754601B621369FDD00FDC6CE /* TableViewCellio.xib in Resources */,
				754601A921369EFF00FDC6CE /* Assets.xcassets in Resources */,
				75BC0A28213EE55B0055CFAF /* ChapterCell.xib in Resources */,
				754601A721369EFD00FDC6CE /* Main.storyboard in Resources */,
			);
			runOnlyForDeploymentPostprocessing = 0;
		};
/* End PBXResourcesBuildPhase section */

/* Begin PBXShellScriptBuildPhase section */
		60D26237B13E58309BC4FBEC /* [CP] Embed Pods Frameworks */ = {
			isa = PBXShellScriptBuildPhase;
			buildActionMask = 2147483647;
			files = (
			);
			inputPaths = (
				"${SRCROOT}/Pods/Target Support Files/Pods-TestTableView/Pods-TestTableView-frameworks.sh",
				"${BUILT_PRODUCTS_DIR}/PKHUD/PKHUD.framework",
			);
			name = "[CP] Embed Pods Frameworks";
			outputPaths = (
				"${TARGET_BUILD_DIR}/${FRAMEWORKS_FOLDER_PATH}/PKHUD.framework",
			);
			runOnlyForDeploymentPostprocessing = 0;
			shellPath = /bin/sh;
			shellScript = "\"${SRCROOT}/Pods/Target Support Files/Pods-TestTableView/Pods-TestTableView-frameworks.sh\"\n";
			showEnvVarsInLog = 0;
		};
		643380612883DEF71C414322 /* [CP] Check Pods Manifest.lock */ = {
			isa = PBXShellScriptBuildPhase;
			buildActionMask = 2147483647;
			files = (
			);
			inputPaths = (
				"${PODS_PODFILE_DIR_PATH}/Podfile.lock",
				"${PODS_ROOT}/Manifest.lock",
			);
			name = "[CP] Check Pods Manifest.lock";
			outputPaths = (
				"$(DERIVED_FILE_DIR)/Pods-TestTableView-checkManifestLockResult.txt",
			);
			runOnlyForDeploymentPostprocessing = 0;
			shellPath = /bin/sh;
			shellScript = "diff \"${PODS_PODFILE_DIR_PATH}/Podfile.lock\" \"${PODS_ROOT}/Manifest.lock\" > /dev/null\nif [ $? != 0 ] ; then\n    # print error to STDERR\n    echo \"error: The sandbox is not in sync with the Podfile.lock. Run 'pod install' or update your CocoaPods installation.\" >&2\n    exit 1\nfi\n# This output is used by Xcode 'outputs' to avoid re-running this script phase.\necho \"SUCCESS\" > \"${SCRIPT_OUTPUT_FILE_0}\"\n";
			showEnvVarsInLog = 0;
		};
/* End PBXShellScriptBuildPhase section */

/* Begin PBXSourcesBuildPhase section */
		7546019A21369EFD00FDC6CE /* Sources */ = {
			isa = PBXSourcesBuildPhase;
			buildActionMask = 2147483647;
			files = (
				75BC0A2A21404AE10055CFAF /* ChapterCell.swift in Sources */,
				754601B82136A11F00FDC6CE /* CellItem.swift in Sources */,
				754601B521369FDD00FDC6CE /* TableViewCellio.swift in Sources */,
				754601A421369EFD00FDC6CE /* ChapterListController.swift in Sources */,
				751E130A216017A300B9E506 /* ChapterDetailsViperContract.swift in Sources */,
				754601A221369EFD00FDC6CE /* AppDelegate.swift in Sources */,
				759BF8B62157EE71002750C8 /* BaseInteractor.swift in Sources */,
				75A7759E215AD2740078246D /* ChapterListPresenterImpl.swift in Sources */,
				75A775A1215AD3AE0078246D /* GetChaptersInteractor.swift in Sources */,
				75A7759C215AD0C40078246D /* ChapterListViperContract.swift in Sources */,
				59684FD4A0BF78D6C0F31AFA /* ChaptersRepositoryImpl.swift in Sources */,
			);
			runOnlyForDeploymentPostprocessing = 0;
		};
/* End PBXSourcesBuildPhase section */

/* Begin PBXVariantGroup section */
		754601A521369EFD00FDC6CE /* Main.storyboard */ = {
			isa = PBXVariantGroup;
			children = (
				754601A621369EFD00FDC6CE /* Base */,
			);
			name = Main.storyboard;
			sourceTree = "<group>";
		};
		754601AA21369EFF00FDC6CE /* LaunchScreen.storyboard */ = {
			isa = PBXVariantGroup;
			children = (
				754601AB21369EFF00FDC6CE /* Base */,
			);
			name = LaunchScreen.storyboard;
			sourceTree = "<group>";
		};
/* End PBXVariantGroup section */

/* Begin XCBuildConfiguration section */
		754601AE21369EFF00FDC6CE /* Debug */ = {
			isa = XCBuildConfiguration;
			buildSettings = {
				ALWAYS_SEARCH_USER_PATHS = NO;
				CLANG_ANALYZER_NONNULL = YES;
				CLANG_ANALYZER_NUMBER_OBJECT_CONVERSION = YES_AGGRESSIVE;
				CLANG_CXX_LANGUAGE_STANDARD = "gnu++14";
				CLANG_CXX_LIBRARY = "libc++";
				CLANG_ENABLE_MODULES = YES;
				CLANG_ENABLE_OBJC_ARC = YES;
				CLANG_ENABLE_OBJC_WEAK = YES;
				CLANG_WARN_BLOCK_CAPTURE_AUTORELEASING = YES;
				CLANG_WARN_BOOL_CONVERSION = YES;
				CLANG_WARN_COMMA = YES;
				CLANG_WARN_CONSTANT_CONVERSION = YES;
				CLANG_WARN_DEPRECATED_OBJC_IMPLEMENTATIONS = YES;
				CLANG_WARN_DIRECT_OBJC_ISA_USAGE = YES_ERROR;
				CLANG_WARN_DOCUMENTATION_COMMENTS = YES;
				CLANG_WARN_EMPTY_BODY = YES;
				CLANG_WARN_ENUM_CONVERSION = YES;
				CLANG_WARN_INFINITE_RECURSION = YES;
				CLANG_WARN_INT_CONVERSION = YES;
				CLANG_WARN_NON_LITERAL_NULL_CONVERSION = YES;
				CLANG_WARN_OBJC_IMPLICIT_RETAIN_SELF = YES;
				CLANG_WARN_OBJC_LITERAL_CONVERSION = YES;
				CLANG_WARN_OBJC_ROOT_CLASS = YES_ERROR;
				CLANG_WARN_RANGE_LOOP_ANALYSIS = YES;
				CLANG_WARN_STRICT_PROTOTYPES = YES;
				CLANG_WARN_SUSPICIOUS_MOVE = YES;
				CLANG_WARN_UNGUARDED_AVAILABILITY = YES_AGGRESSIVE;
				CLANG_WARN_UNREACHABLE_CODE = YES;
				CLANG_WARN__DUPLICATE_METHOD_MATCH = YES;
				CODE_SIGN_IDENTITY = "iPhone Developer";
				COPY_PHASE_STRIP = NO;
				DEBUG_INFORMATION_FORMAT = dwarf;
				ENABLE_STRICT_OBJC_MSGSEND = YES;
				ENABLE_TESTABILITY = YES;
				GCC_C_LANGUAGE_STANDARD = gnu11;
				GCC_DYNAMIC_NO_PIC = NO;
				GCC_NO_COMMON_BLOCKS = YES;
				GCC_OPTIMIZATION_LEVEL = 0;
				GCC_PREPROCESSOR_DEFINITIONS = (
					"DEBUG=1",
					"$(inherited)",
				);
				GCC_WARN_64_TO_32_BIT_CONVERSION = YES;
				GCC_WARN_ABOUT_RETURN_TYPE = YES_ERROR;
				GCC_WARN_UNDECLARED_SELECTOR = YES;
				GCC_WARN_UNINITIALIZED_AUTOS = YES_AGGRESSIVE;
				GCC_WARN_UNUSED_FUNCTION = YES;
				GCC_WARN_UNUSED_VARIABLE = YES;
				IPHONEOS_DEPLOYMENT_TARGET = 11.4;
				MTL_ENABLE_DEBUG_INFO = YES;
				ONLY_ACTIVE_ARCH = YES;
				SDKROOT = iphoneos;
				SWIFT_ACTIVE_COMPILATION_CONDITIONS = DEBUG;
				SWIFT_OPTIMIZATION_LEVEL = "-Onone";
			};
			name = Debug;
		};
		754601AF21369EFF00FDC6CE /* Release */ = {
			isa = XCBuildConfiguration;
			buildSettings = {
				ALWAYS_SEARCH_USER_PATHS = NO;
				CLANG_ANALYZER_NONNULL = YES;
				CLANG_ANALYZER_NUMBER_OBJECT_CONVERSION = YES_AGGRESSIVE;
				CLANG_CXX_LANGUAGE_STANDARD = "gnu++14";
				CLANG_CXX_LIBRARY = "libc++";
				CLANG_ENABLE_MODULES = YES;
				CLANG_ENABLE_OBJC_ARC = YES;
				CLANG_ENABLE_OBJC_WEAK = YES;
				CLANG_WARN_BLOCK_CAPTURE_AUTORELEASING = YES;
				CLANG_WARN_BOOL_CONVERSION = YES;
				CLANG_WARN_COMMA = YES;
				CLANG_WARN_CONSTANT_CONVERSION = YES;
				CLANG_WARN_DEPRECATED_OBJC_IMPLEMENTATIONS = YES;
				CLANG_WARN_DIRECT_OBJC_ISA_USAGE = YES_ERROR;
				CLANG_WARN_DOCUMENTATION_COMMENTS = YES;
				CLANG_WARN_EMPTY_BODY = YES;
				CLANG_WARN_ENUM_CONVERSION = YES;
				CLANG_WARN_INFINITE_RECURSION = YES;
				CLANG_WARN_INT_CONVERSION = YES;
				CLANG_WARN_NON_LITERAL_NULL_CONVERSION = YES;
				CLANG_WARN_OBJC_IMPLICIT_RETAIN_SELF = YES;
				CLANG_WARN_OBJC_LITERAL_CONVERSION = YES;
				CLANG_WARN_OBJC_ROOT_CLASS = YES_ERROR;
				CLANG_WARN_RANGE_LOOP_ANALYSIS = YES;
				CLANG_WARN_STRICT_PROTOTYPES = YES;
				CLANG_WARN_SUSPICIOUS_MOVE = YES;
				CLANG_WARN_UNGUARDED_AVAILABILITY = YES_AGGRESSIVE;
				CLANG_WARN_UNREACHABLE_CODE = YES;
				CLANG_WARN__DUPLICATE_METHOD_MATCH = YES;
				CODE_SIGN_IDENTITY = "iPhone Developer";
				COPY_PHASE_STRIP = NO;
				DEBUG_INFORMATION_FORMAT = "dwarf-with-dsym";
				ENABLE_NS_ASSERTIONS = NO;
				ENABLE_STRICT_OBJC_MSGSEND = YES;
				GCC_C_LANGUAGE_STANDARD = gnu11;
				GCC_NO_COMMON_BLOCKS = YES;
				GCC_WARN_64_TO_32_BIT_CONVERSION = YES;
				GCC_WARN_ABOUT_RETURN_TYPE = YES_ERROR;
				GCC_WARN_UNDECLARED_SELECTOR = YES;
				GCC_WARN_UNINITIALIZED_AUTOS = YES_AGGRESSIVE;
				GCC_WARN_UNUSED_FUNCTION = YES;
				GCC_WARN_UNUSED_VARIABLE = YES;
				IPHONEOS_DEPLOYMENT_TARGET = 11.4;
				MTL_ENABLE_DEBUG_INFO = NO;
				SDKROOT = iphoneos;
				SWIFT_COMPILATION_MODE = wholemodule;
				SWIFT_OPTIMIZATION_LEVEL = "-O";
				VALIDATE_PRODUCT = YES;
			};
			name = Release;
		};
		754601B121369EFF00FDC6CE /* Debug */ = {
			isa = XCBuildConfiguration;
			baseConfigurationReference = DD77EA4E4FB0BCDD94AD4E4F /* Pods-TestTableView.debug.xcconfig */;
			buildSettings = {
				ASSETCATALOG_COMPILER_APPICON_NAME = AppIcon;
				CODE_SIGN_STYLE = Automatic;
				INFOPLIST_FILE = "$(SRCROOT)/IOSViperSample/Info.plist";
				LD_RUNPATH_SEARCH_PATHS = (
					"$(inherited)",
					"@executable_path/Frameworks",
				);
				PRODUCT_BUNDLE_IDENTIFIER = com.fytsyk.TestTableView;
				PRODUCT_NAME = "$(TARGET_NAME)";
				SWIFT_VERSION = 4.0;
				TARGETED_DEVICE_FAMILY = "1,2";
			};
			name = Debug;
		};
		754601B221369EFF00FDC6CE /* Release */ = {
			isa = XCBuildConfiguration;
			baseConfigurationReference = F9390F81C352D49887C721EC /* Pods-TestTableView.release.xcconfig */;
			buildSettings = {
				ASSETCATALOG_COMPILER_APPICON_NAME = AppIcon;
				CODE_SIGN_STYLE = Automatic;
				INFOPLIST_FILE = "$(SRCROOT)/IOSViperSample/Info.plist";
				LD_RUNPATH_SEARCH_PATHS = (
					"$(inherited)",
					"@executable_path/Frameworks",
				);
				PRODUCT_BUNDLE_IDENTIFIER = com.fytsyk.TestTableView;
				PRODUCT_NAME = "$(TARGET_NAME)";
				SWIFT_VERSION = 4.0;
				TARGETED_DEVICE_FAMILY = "1,2";
			};
			name = Release;
		};
/* End XCBuildConfiguration section */

/* Begin XCConfigurationList section */
		7546019921369EFD00FDC6CE /* Build configuration list for PBXProject "TestTableView" */ = {
			isa = XCConfigurationList;
			buildConfigurations = (
				754601AE21369EFF00FDC6CE /* Debug */,
				754601AF21369EFF00FDC6CE /* Release */,
			);
			defaultConfigurationIsVisible = 0;
			defaultConfigurationName = Release;
		};
		754601B021369EFF00FDC6CE /* Build configuration list for PBXNativeTarget "TestTableView" */ = {
			isa = XCConfigurationList;
			buildConfigurations = (
				754601B121369EFF00FDC6CE /* Debug */,
				754601B221369EFF00FDC6CE /* Release */,
			);
			defaultConfigurationIsVisible = 0;
			defaultConfigurationName = Release;
		};
/* End XCConfigurationList section */
	};
	rootObject = 7546019621369EFD00FDC6CE /* Project object */;
}
